
Microsoft Visual Studio Solution File, Format Version 12.00
# Visual Studio 15
VisualStudioVersion = 15.0.27428.2011
MinimumVisualStudioVersion = 10.0.40219.1
Project("{FAE04EC0-301F-11D3-BF4B-00C04F79EFBC}") = "ISE172_project", "ISE172_project\ISE172_project.csproj", "{491F8EBC-DDA7-479D-AB9B-836CE113AB86}"
EndProject
Project("{FAE04EC0-301F-11D3-BF4B-00C04F79EFBC}") = "GUI_MS2", "GUI_MS2\GUI_MS2.csproj", "{F41A6304-9387-489F-B5AD-33EB653B1EF6}"
EndProject
Global
	GlobalSection(SolutionConfigurationPlatforms) = preSolution
		Debug|Any CPU = Debug|Any CPU
		Release|Any CPU = Release|Any CPU
	EndGlobalSection
	GlobalSection(ProjectConfigurationPlatforms) = postSolution
		{491F8EBC-DDA7-479D-AB9B-836CE113AB86}.Debug|Any CPU.ActiveCfg = Debug|Any CPU
		{491F8EBC-DDA7-479D-AB9B-836CE113AB86}.Debug|Any CPU.Build.0 = Debug|Any CPU
		{491F8EBC-DDA7-479D-AB9B-836CE113AB86}.Release|Any CPU.ActiveCfg = Release|Any CPU
		{491F8EBC-DDA7-479D-AB9B-836CE113AB86}.Release|Any CPU.Build.0 = Release|Any CPU
		{F41A6304-9387-489F-B5AD-33EB653B1EF6}.Debug|Any CPU.ActiveCfg = Debug|Any CPU
		{F41A6304-9387-489F-B5AD-33EB653B1EF6}.Debug|Any CPU.Build.0 = Debug|Any CPU
		{F41A6304-9387-489F-B5AD-33EB653B1EF6}.Release|Any CPU.ActiveCfg = Release|Any CPU
		{F41A6304-9387-489F-B5AD-33EB653B1EF6}.Release|Any CPU.Build.0 = Release|Any CPU
	EndGlobalSection
	GlobalSection(SolutionProperties) = preSolution
		HideSolutionNode = FALSE
	EndGlobalSection
	GlobalSection(ExtensibilityGlobals) = postSolution
		SolutionGuid = {B0C313F1-D0ED-42E5-9532-010846039EC5}
	EndGlobalSection
EndGlobal
